
Microsoft Visual Studio Solution File, Format Version 12.00
# Visual Studio 15
VisualStudioVersion = 15.0.28010.2026
MinimumVisualStudioVersion = 10.0.40219.1
Project("{FAE04EC0-301F-11D3-BF4B-00C04F79EFBC}") = "SR.SDK.Common", "SR.SDK.Common\SR.SDK.Common.csproj", "{3E942AAB-6CC8-406F-B662-AABC5C66B30E}"
EndProject
Global
	GlobalSection(SolutionConfigurationPlatforms) = preSolution
		Debug|Any CPU = Debug|Any CPU
		Release|Any CPU = Release|Any CPU
	EndGlobalSection
	GlobalSection(ProjectConfigurationPlatforms) = postSolution
		{3E942AAB-6CC8-406F-B662-AABC5C66B30E}.Debug|Any CPU.ActiveCfg = Debug|Any CPU
		{3E942AAB-6CC8-406F-B662-AABC5C66B30E}.Debug|Any CPU.Build.0 = Debug|Any CPU
		{3E942AAB-6CC8-406F-B662-AABC5C66B30E}.Release|Any CPU.ActiveCfg = Release|Any CPU
		{3E942AAB-6CC8-406F-B662-AABC5C66B30E}.Release|Any CPU.Build.0 = Release|Any CPU
	EndGlobalSection
	GlobalSection(SolutionProperties) = preSolution
		HideSolutionNode = FALSE
	EndGlobalSection
	GlobalSection(ExtensibilityGlobals) = postSolution
		SolutionGuid = {60E3494A-C04C-47A6-A1C4-20DD4C9851E9}
	EndGlobalSection
EndGlobal
